
Microsoft Visual Studio Solution File, Format Version 12.00
# Visual Studio Version 17
VisualStudioVersion = 17.1.32210.238
MinimumVisualStudioVersion = 10.0.40219.1
Project("{FAE04EC0-301F-11D3-BF4B-00C04F79EFBC}") = "MacroDriver", "MacroDriver\MacroDriver.csproj", "{11C600A9-A986-445E-B532-D80371C7F5FE}"
EndProject
Global
	GlobalSection(SolutionConfigurationPlatforms) = preSolution
		Debug|Any CPU = Debug|Any CPU
		Release|Any CPU = Release|Any CPU
	EndGlobalSection
	GlobalSection(ProjectConfigurationPlatforms) = postSolution
		{11C600A9-A986-445E-B532-D80371C7F5FE}.Debug|Any CPU.ActiveCfg = Debug|Any CPU
		{11C600A9-A986-445E-B532-D80371C7F5FE}.Debug|Any CPU.Build.0 = Debug|Any CPU
		{11C600A9-A986-445E-B532-D80371C7F5FE}.Release|Any CPU.ActiveCfg = Release|Any CPU
		{11C600A9-A986-445E-B532-D80371C7F5FE}.Release|Any CPU.Build.0 = Release|Any CPU
	EndGlobalSection
	GlobalSection(SolutionProperties) = preSolution
		HideSolutionNode = FALSE
	EndGlobalSection
	GlobalSection(ExtensibilityGlobals) = postSolution
		SolutionGuid = {580C1812-98D9-45CB-8C5A-DC18D87F1B73}
	EndGlobalSection
EndGlobal
